
Microsoft Visual Studio Solution File, Format Version 12.00
# Visual Studio 15
VisualStudioVersion = 15.0.28307.489
MinimumVisualStudioVersion = 10.0.40219.1
Project("{F184B08F-C81C-45F6-A57F-5ABD9991F28F}") = "Hola_mundo", "Hola_mundo\Hola_mundo.vbproj", "{2D3FB1F9-8925-4C6C-AC7D-8A158CB5B19C}"
EndProject
Global
	GlobalSection(SolutionConfigurationPlatforms) = preSolution
		Debug|Any CPU = Debug|Any CPU
		Release|Any CPU = Release|Any CPU
	EndGlobalSection
	GlobalSection(ProjectConfigurationPlatforms) = postSolution
		{2D3FB1F9-8925-4C6C-AC7D-8A158CB5B19C}.Debug|Any CPU.ActiveCfg = Debug|Any CPU
		{2D3FB1F9-8925-4C6C-AC7D-8A158CB5B19C}.Debug|Any CPU.Build.0 = Debug|Any CPU
		{2D3FB1F9-8925-4C6C-AC7D-8A158CB5B19C}.Release|Any CPU.ActiveCfg = Release|Any CPU
		{2D3FB1F9-8925-4C6C-AC7D-8A158CB5B19C}.Release|Any CPU.Build.0 = Release|Any CPU
	EndGlobalSection
	GlobalSection(SolutionProperties) = preSolution
		HideSolutionNode = FALSE
	EndGlobalSection
	GlobalSection(ExtensibilityGlobals) = postSolution
		SolutionGuid = {811738AB-BF9B-4C6F-A632-AAA696DCAE68}
	EndGlobalSection
EndGlobal
