
Microsoft Visual Studio Solution File, Format Version 12.00
# Visual Studio 15
VisualStudioVersion = 15.0.28307.489
MinimumVisualStudioVersion = 10.0.40219.1
Project("{F184B08F-C81C-45F6-A57F-5ABD9991F28F}") = "vehiculosA", "vehiculosA\vehiculosA.vbproj", "{21B8BE9E-394E-4A29-AD6F-0CBA792B7210}"
EndProject
Global
	GlobalSection(SolutionConfigurationPlatforms) = preSolution
		Debug|Any CPU = Debug|Any CPU
		Release|Any CPU = Release|Any CPU
	EndGlobalSection
	GlobalSection(ProjectConfigurationPlatforms) = postSolution
		{21B8BE9E-394E-4A29-AD6F-0CBA792B7210}.Debug|Any CPU.ActiveCfg = Debug|Any CPU
		{21B8BE9E-394E-4A29-AD6F-0CBA792B7210}.Debug|Any CPU.Build.0 = Debug|Any CPU
		{21B8BE9E-394E-4A29-AD6F-0CBA792B7210}.Release|Any CPU.ActiveCfg = Release|Any CPU
		{21B8BE9E-394E-4A29-AD6F-0CBA792B7210}.Release|Any CPU.Build.0 = Release|Any CPU
	EndGlobalSection
	GlobalSection(SolutionProperties) = preSolution
		HideSolutionNode = FALSE
	EndGlobalSection
	GlobalSection(ExtensibilityGlobals) = postSolution
		SolutionGuid = {FBE7C741-2116-4DCB-8B1B-C5F270614453}
	EndGlobalSection
EndGlobal
